
Microsoft Visual Studio Solution File, Format Version 12.00
# Visual Studio Version 17
VisualStudioVersion = 17.12.35527.113
MinimumVisualStudioVersion = 10.0.40219.1
Project("{FAE04EC0-301F-11D3-BF4B-00C04F79EFBC}") = "ConsoleClient", "ConsoleClient\ConsoleClient.csproj", "{6BFA61E3-C4E8-4A45-9A8F-6A9DFB0684CE}"
EndProject
Project("{2150E333-8FDC-42A3-9474-1A3956D46DE8}") = "Solution Items", "Solution Items", "{4AB442B1-5E9F-42FB-A658-D5B4339D634E}"
	ProjectSection(SolutionItems) = preProject
		Ow1225Analysis.ndproj = Ow1225Analysis.ndproj
	EndProjectSection
EndProject
Project("{2150E333-8FDC-42A3-9474-1A3956D46DE8}") = "UI", "UI", "{38264011-D997-4940-AB9C-D93D31181682}"
EndProject
Project("{2150E333-8FDC-42A3-9474-1A3956D46DE8}") = "Data", "Data", "{8C36F472-1427-4E57-99FC-1D23F82729AD}"
EndProject
Project("{2150E333-8FDC-42A3-9474-1A3956D46DE8}") = "Logic", "Logic", "{3A2D0026-0611-41B5-9404-6E66AB4872A2}"
EndProject
Project("{FAE04EC0-301F-11D3-BF4B-00C04F79EFBC}") = "FileStoring", "FileStoring\FileStoring.csproj", "{6A67D39D-ADBA-487B-B76A-28A18A5481FB}"
EndProject
Project("{FAE04EC0-301F-11D3-BF4B-00C04F79EFBC}") = "DataStoring", "DataStoring\DataStoring.csproj", "{A5556031-D110-4BA9-A1D0-0CE2D99659F7}"
EndProject
Project("{2150E333-8FDC-42A3-9474-1A3956D46DE8}") = "CrossCutting", "CrossCutting", "{A8EC3699-4881-448C-B363-291D99FDB239}"
EndProject
Project("{FAE04EC0-301F-11D3-BF4B-00C04F79EFBC}") = "DataClasses", "DataClasses\DataClasses.csproj", "{02068EC5-F238-4E45-9FA4-7BA466C72062}"
EndProject
Project("{FAE04EC0-301F-11D3-BF4B-00C04F79EFBC}") = "PersonManagement", "PersonManagement\PersonManagement.csproj", "{2F178788-B72D-485B-A914-387EC234122A}"
EndProject
Project("{FAE04EC0-301F-11D3-BF4B-00C04F79EFBC}") = "ServiceClient", "ServiceClient\ServiceClient.csproj", "{379E25A2-253A-4FF5-B285-D877A7D9A536}"
EndProject
Project("{2150E333-8FDC-42A3-9474-1A3956D46DE8}") = "Infrastructure", "Infrastructure", "{5D526E10-E8E0-4D13-9F85-9B0B2F055F56}"
EndProject
Project("{FAE04EC0-301F-11D3-BF4B-00C04F79EFBC}") = "Mappings", "Mappings\Mappings.csproj", "{11411377-CC7F-4944-B4B3-AB8306FD006D}"
EndProject
Project("{FAE04EC0-301F-11D3-BF4B-00C04F79EFBC}") = "DataStoring.Contract", "DataStoring.Contract\DataStoring.Contract.csproj", "{E333B1EA-7236-477A-A30D-71325F3297E6}"
EndProject
Project("{FAE04EC0-301F-11D3-BF4B-00C04F79EFBC}") = "FileStoring.Contract", "FileStoring.Contract\FileStoring.Contract.csproj", "{C4CCC66D-75F0-43F0-BB50-4763AA5A8A52}"
EndProject
Project("{FAE04EC0-301F-11D3-BF4B-00C04F79EFBC}") = "PersonMangement.Contract", "PersonMangement.Contract\PersonMangement.Contract.csproj", "{8C02B614-420B-40BC-B41A-F9881DCF639E}"
EndProject
Global
	GlobalSection(SolutionConfigurationPlatforms) = preSolution
		Debug|Any CPU = Debug|Any CPU
		Release|Any CPU = Release|Any CPU
	EndGlobalSection
	GlobalSection(ProjectConfigurationPlatforms) = postSolution
		{6BFA61E3-C4E8-4A45-9A8F-6A9DFB0684CE}.Debug|Any CPU.ActiveCfg = Debug|Any CPU
		{6BFA61E3-C4E8-4A45-9A8F-6A9DFB0684CE}.Debug|Any CPU.Build.0 = Debug|Any CPU
		{6BFA61E3-C4E8-4A45-9A8F-6A9DFB0684CE}.Release|Any CPU.ActiveCfg = Release|Any CPU
		{6BFA61E3-C4E8-4A45-9A8F-6A9DFB0684CE}.Release|Any CPU.Build.0 = Release|Any CPU
		{6A67D39D-ADBA-487B-B76A-28A18A5481FB}.Debug|Any CPU.ActiveCfg = Debug|Any CPU
		{6A67D39D-ADBA-487B-B76A-28A18A5481FB}.Debug|Any CPU.Build.0 = Debug|Any CPU
		{6A67D39D-ADBA-487B-B76A-28A18A5481FB}.Release|Any CPU.ActiveCfg = Release|Any CPU
		{6A67D39D-ADBA-487B-B76A-28A18A5481FB}.Release|Any CPU.Build.0 = Release|Any CPU
		{A5556031-D110-4BA9-A1D0-0CE2D99659F7}.Debug|Any CPU.ActiveCfg = Debug|Any CPU
		{A5556031-D110-4BA9-A1D0-0CE2D99659F7}.Debug|Any CPU.Build.0 = Debug|Any CPU
		{A5556031-D110-4BA9-A1D0-0CE2D99659F7}.Release|Any CPU.ActiveCfg = Release|Any CPU
		{A5556031-D110-4BA9-A1D0-0CE2D99659F7}.Release|Any CPU.Build.0 = Release|Any CPU
		{02068EC5-F238-4E45-9FA4-7BA466C72062}.Debug|Any CPU.ActiveCfg = Debug|Any CPU
		{02068EC5-F238-4E45-9FA4-7BA466C72062}.Debug|Any CPU.Build.0 = Debug|Any CPU
		{02068EC5-F238-4E45-9FA4-7BA466C72062}.Release|Any CPU.ActiveCfg = Release|Any CPU
		{02068EC5-F238-4E45-9FA4-7BA466C72062}.Release|Any CPU.Build.0 = Release|Any CPU
		{2F178788-B72D-485B-A914-387EC234122A}.Debug|Any CPU.ActiveCfg = Debug|Any CPU
		{2F178788-B72D-485B-A914-387EC234122A}.Debug|Any CPU.Build.0 = Debug|Any CPU
		{2F178788-B72D-485B-A914-387EC234122A}.Release|Any CPU.ActiveCfg = Release|Any CPU
		{2F178788-B72D-485B-A914-387EC234122A}.Release|Any CPU.Build.0 = Release|Any CPU
		{379E25A2-253A-4FF5-B285-D877A7D9A536}.Debug|Any CPU.ActiveCfg = Debug|Any CPU
		{379E25A2-253A-4FF5-B285-D877A7D9A536}.Debug|Any CPU.Build.0 = Debug|Any CPU
		{379E25A2-253A-4FF5-B285-D877A7D9A536}.Release|Any CPU.ActiveCfg = Release|Any CPU
		{379E25A2-253A-4FF5-B285-D877A7D9A536}.Release|Any CPU.Build.0 = Release|Any CPU
		{11411377-CC7F-4944-B4B3-AB8306FD006D}.Debug|Any CPU.ActiveCfg = Debug|Any CPU
		{11411377-CC7F-4944-B4B3-AB8306FD006D}.Debug|Any CPU.Build.0 = Debug|Any CPU
		{11411377-CC7F-4944-B4B3-AB8306FD006D}.Release|Any CPU.ActiveCfg = Release|Any CPU
		{11411377-CC7F-4944-B4B3-AB8306FD006D}.Release|Any CPU.Build.0 = Release|Any CPU
		{E333B1EA-7236-477A-A30D-71325F3297E6}.Debug|Any CPU.ActiveCfg = Debug|Any CPU
		{E333B1EA-7236-477A-A30D-71325F3297E6}.Debug|Any CPU.Build.0 = Debug|Any CPU
		{E333B1EA-7236-477A-A30D-71325F3297E6}.Release|Any CPU.ActiveCfg = Release|Any CPU
		{E333B1EA-7236-477A-A30D-71325F3297E6}.Release|Any CPU.Build.0 = Release|Any CPU
		{C4CCC66D-75F0-43F0-BB50-4763AA5A8A52}.Debug|Any CPU.ActiveCfg = Debug|Any CPU
		{C4CCC66D-75F0-43F0-BB50-4763AA5A8A52}.Debug|Any CPU.Build.0 = Debug|Any CPU
		{C4CCC66D-75F0-43F0-BB50-4763AA5A8A52}.Release|Any CPU.ActiveCfg = Release|Any CPU
		{C4CCC66D-75F0-43F0-BB50-4763AA5A8A52}.Release|Any CPU.Build.0 = Release|Any CPU
		{8C02B614-420B-40BC-B41A-F9881DCF639E}.Debug|Any CPU.ActiveCfg = Debug|Any CPU
		{8C02B614-420B-40BC-B41A-F9881DCF639E}.Debug|Any CPU.Build.0 = Debug|Any CPU
		{8C02B614-420B-40BC-B41A-F9881DCF639E}.Release|Any CPU.ActiveCfg = Release|Any CPU
		{8C02B614-420B-40BC-B41A-F9881DCF639E}.Release|Any CPU.Build.0 = Release|Any CPU
	EndGlobalSection
	GlobalSection(SolutionProperties) = preSolution
		HideSolutionNode = FALSE
	EndGlobalSection
	GlobalSection(NestedProjects) = preSolution
		{6BFA61E3-C4E8-4A45-9A8F-6A9DFB0684CE} = {38264011-D997-4940-AB9C-D93D31181682}
		{6A67D39D-ADBA-487B-B76A-28A18A5481FB} = {8C36F472-1427-4E57-99FC-1D23F82729AD}
		{A5556031-D110-4BA9-A1D0-0CE2D99659F7} = {8C36F472-1427-4E57-99FC-1D23F82729AD}
		{02068EC5-F238-4E45-9FA4-7BA466C72062} = {A8EC3699-4881-448C-B363-291D99FDB239}
		{2F178788-B72D-485B-A914-387EC234122A} = {3A2D0026-0611-41B5-9404-6E66AB4872A2}
		{379E25A2-253A-4FF5-B285-D877A7D9A536} = {38264011-D997-4940-AB9C-D93D31181682}
		{11411377-CC7F-4944-B4B3-AB8306FD006D} = {5D526E10-E8E0-4D13-9F85-9B0B2F055F56}
		{E333B1EA-7236-477A-A30D-71325F3297E6} = {8C36F472-1427-4E57-99FC-1D23F82729AD}
		{C4CCC66D-75F0-43F0-BB50-4763AA5A8A52} = {8C36F472-1427-4E57-99FC-1D23F82729AD}
		{8C02B614-420B-40BC-B41A-F9881DCF639E} = {3A2D0026-0611-41B5-9404-6E66AB4872A2}
	EndGlobalSection
EndGlobal
